
Microsoft Visual Studio Solution File, Format Version 12.00
# Visual Studio 15
VisualStudioVersion = 15.0.28307.168
MinimumVisualStudioVersion = 10.0.40219.1
Project("{FAE04EC0-301F-11D3-BF4B-00C04F79EFBC}") = "kAdressBook", "kAdressBook\kAdressBook.csproj", "{D84E818A-968B-4E49-BF1B-AED2EE453DEF}"
EndProject
Project("{FAE04EC0-301F-11D3-BF4B-00C04F79EFBC}") = "AdressBookBinaryLibrary", "AdressBookBinaryLibrary\AdressBookBinaryLibrary.csproj", "{4DB775C4-152C-4428-BA16-E425A2BDD292}"
EndProject
Global
	GlobalSection(SolutionConfigurationPlatforms) = preSolution
		Debug|Any CPU = Debug|Any CPU
		Release|Any CPU = Release|Any CPU
	EndGlobalSection
	GlobalSection(ProjectConfigurationPlatforms) = postSolution
		{D84E818A-968B-4E49-BF1B-AED2EE453DEF}.Debug|Any CPU.ActiveCfg = Debug|Any CPU
		{D84E818A-968B-4E49-BF1B-AED2EE453DEF}.Debug|Any CPU.Build.0 = Debug|Any CPU
		{D84E818A-968B-4E49-BF1B-AED2EE453DEF}.Release|Any CPU.ActiveCfg = Release|Any CPU
		{D84E818A-968B-4E49-BF1B-AED2EE453DEF}.Release|Any CPU.Build.0 = Release|Any CPU
		{4DB775C4-152C-4428-BA16-E425A2BDD292}.Debug|Any CPU.ActiveCfg = Debug|Any CPU
		{4DB775C4-152C-4428-BA16-E425A2BDD292}.Debug|Any CPU.Build.0 = Debug|Any CPU
		{4DB775C4-152C-4428-BA16-E425A2BDD292}.Release|Any CPU.ActiveCfg = Release|Any CPU
		{4DB775C4-152C-4428-BA16-E425A2BDD292}.Release|Any CPU.Build.0 = Release|Any CPU
	EndGlobalSection
	GlobalSection(SolutionProperties) = preSolution
		HideSolutionNode = FALSE
	EndGlobalSection
	GlobalSection(ExtensibilityGlobals) = postSolution
		SolutionGuid = {34B1833F-EE6A-496B-9911-81B3DB40AAE8}
	EndGlobalSection
EndGlobal
